
Microsoft Visual Studio Solution File, Format Version 12.00
# Visual Studio Version 16
VisualStudioVersion = 16.0.30611.23
MinimumVisualStudioVersion = 10.0.40219.1
Project("{FAE04EC0-301F-11D3-BF4B-00C04F79EFBC}") = "Example", "Example\Example.csproj", "{58B79783-48AF-4120-8FA4-D2A4EE047A30}"
EndProject
Project("{9A19103F-16F7-4668-BE54-9A1E7A4F7556}") = "TinyDI", "TinyDI\TinyDI.csproj", "{774961F6-E52B-432E-BB94-4CBCBFF4C7ED}"
EndProject
Global
	GlobalSection(SolutionConfigurationPlatforms) = preSolution
		Debug|Any CPU = Debug|Any CPU
		Release|Any CPU = Release|Any CPU
	EndGlobalSection
	GlobalSection(ProjectConfigurationPlatforms) = postSolution
		{58B79783-48AF-4120-8FA4-D2A4EE047A30}.Debug|Any CPU.ActiveCfg = Debug|Any CPU
		{58B79783-48AF-4120-8FA4-D2A4EE047A30}.Debug|Any CPU.Build.0 = Debug|Any CPU
		{58B79783-48AF-4120-8FA4-D2A4EE047A30}.Release|Any CPU.ActiveCfg = Release|Any CPU
		{58B79783-48AF-4120-8FA4-D2A4EE047A30}.Release|Any CPU.Build.0 = Release|Any CPU
		{774961F6-E52B-432E-BB94-4CBCBFF4C7ED}.Debug|Any CPU.ActiveCfg = Debug|Any CPU
		{774961F6-E52B-432E-BB94-4CBCBFF4C7ED}.Debug|Any CPU.Build.0 = Debug|Any CPU
		{774961F6-E52B-432E-BB94-4CBCBFF4C7ED}.Release|Any CPU.ActiveCfg = Release|Any CPU
		{774961F6-E52B-432E-BB94-4CBCBFF4C7ED}.Release|Any CPU.Build.0 = Release|Any CPU
	EndGlobalSection
	GlobalSection(SolutionProperties) = preSolution
		HideSolutionNode = FALSE
	EndGlobalSection
	GlobalSection(ExtensibilityGlobals) = postSolution
		SolutionGuid = {0EFEB299-0E12-49A0-A451-8EE95F592AFA}
	EndGlobalSection
EndGlobal
